// !$*UTF8*$!
{
	archiveVersion = 1;
	classes = {
	};
	objectVersion = 77;
	objects = {

/* Begin PBXBuildFile section */
		12777CFB3F8B4F0FB4ECD5AA /* LibreBaskerville-Regular.ttf in Resources */ = {isa = PBXBuildFile; fileRef = B4331C9B483A4F6E99149D4A /* LibreBaskerville-Regular.ttf */; };
		25544F522F1431A0009A6830 /* Realtime in Frameworks */ = {isa = PBXBuildFile; productRef = 25544F512F1431A0009A6830 /* Realtime */; };
		25544F572F14341D009A6830 /* Supabase in Frameworks */ = {isa = PBXBuildFile; productRef = 25544F562F14341D009A6830 /* Supabase */; };
		25FC4F5F2F1CB2A90001D920 /* CachedAsyncImage in Frameworks */ = {isa = PBXBuildFile; productRef = 25FC4F5E2F1CB2A90001D920 /* CachedAsyncImage */; };
		311132BBAFDC4D87A1AEF0E9 /* LibreBaskerville-Italic.ttf in Resources */ = {isa = PBXBuildFile; fileRef = FC02A854467A483D898B0051 /* LibreBaskerville-Italic.ttf */; };
		F495694AB08C4E538B0A3F32 /* LibreBaskerville-Bold.ttf in Resources */ = {isa = PBXBuildFile; fileRef = 696376B4AF3B4F08ABC24923 /* LibreBaskerville-Bold.ttf */; };
/* End PBXBuildFile section */

/* Begin PBXContainerItemProxy section */
		25544E7C2F1424F4009A6830 /* PBXContainerItemProxy */ = {
			isa = PBXContainerItemProxy;
			containerPortal = 25544E662F1424F2009A6830 /* Project object */;
			proxyType = 1;
			remoteGlobalIDString = 25544E6D2F1424F2009A6830;
			remoteInfo = "thecoffeelinks-native-swift";
		};
		25544E862F1424F4009A6830 /* PBXContainerItemProxy */ = {
			isa = PBXContainerItemProxy;
			containerPortal = 25544E662F1424F2009A6830 /* Project object */;
			proxyType = 1;
			remoteGlobalIDString = 25544E6D2F1424F2009A6830;
			remoteInfo = "thecoffeelinks-native-swift";
		};
/* End PBXContainerItemProxy section */

/* Begin PBXFileReference section */
		25544E6E2F1424F2009A6830 /* thecoffeelinks-native-swift.app */ = {isa = PBXFileReference; explicitFileType = wrapper.application; includeInIndex = 0; path = "thecoffeelinks-native-swift.app"; sourceTree = BUILT_PRODUCTS_DIR; };
		25544E7B2F1424F4009A6830 /* thecoffeelinks-native-swiftTests.xctest */ = {isa = PBXFileReference; explicitFileType = wrapper.cfbundle; includeInIndex = 0; path = "thecoffeelinks-native-swiftTests.xctest"; sourceTree = BUILT_PRODUCTS_DIR; };
		25544E852F1424F4009A6830 /* thecoffeelinks-native-swiftUITests.xctest */ = {isa = PBXFileReference; explicitFileType = wrapper.cfbundle; includeInIndex = 0; path = "thecoffeelinks-native-swiftUITests.xctest"; sourceTree = BUILT_PRODUCTS_DIR; };
		696376B4AF3B4F08ABC24923 /* LibreBaskerville-Bold.ttf */ = {isa = PBXFileReference; lastKnownFileType = file; name = "LibreBaskerville-Bold.ttf"; path = "thecoffeelinks-native-swift/Fonts/LibreBaskerville-Bold.ttf"; sourceTree = "<group>"; };
		B4331C9B483A4F6E99149D4A /* LibreBaskerville-Regular.ttf */ = {isa = PBXFileReference; lastKnownFileType = file; name = "LibreBaskerville-Regular.ttf"; path = "thecoffeelinks-native-swift/Fonts/LibreBaskerville-Regular.ttf"; sourceTree = "<group>"; };
		FC02A854467A483D898B0051 /* LibreBaskerville-Italic.ttf */ = {isa = PBXFileReference; lastKnownFileType = file; name = "LibreBaskerville-Italic.ttf"; path = "thecoffeelinks-native-swift/Fonts/LibreBaskerville-Italic.ttf"; sourceTree = "<group>"; };
/* End PBXFileReference section */

/* Begin PBXFileSystemSynchronizedRootGroup section */
		25544E702F1424F2009A6830 /* thecoffeelinks-native-swift */ = {
			isa = PBXFileSystemSynchronizedRootGroup;
			path = "thecoffeelinks-native-swift";
			sourceTree = "<group>";
		};
		25544E7E2F1424F4009A6830 /* thecoffeelinks-native-swiftTests */ = {
			isa = PBXFileSystemSynchronizedRootGroup;
			path = "thecoffeelinks-native-swiftTests";
			sourceTree = "<group>";
		};
		25544E882F1424F4009A6830 /* thecoffeelinks-native-swiftUITests */ = {
			isa = PBXFileSystemSynchronizedRootGroup;
			path = "thecoffeelinks-native-swiftUITests";
			sourceTree = "<group>";
		};
/* End PBXFileSystemSynchronizedRootGroup section */

/* Begin PBXFrameworksBuildPhase section */
		25544E6B2F1424F2009A6830 /* Frameworks */ = {
			isa = PBXFrameworksBuildPhase;
			buildActionMask = 2147483647;
			files = (
				25544F572F14341D009A6830 /* Supabase in Frameworks */,
				25544F522F1431A0009A6830 /* Realtime in Frameworks */,
				25FC4F5F2F1CB2A90001D920 /* CachedAsyncImage in Frameworks */,
			);
			runOnlyForDeploymentPostprocessing = 0;
		};
		25544E782F1424F4009A6830 /* Frameworks */ = {
			isa = PBXFrameworksBuildPhase;
			buildActionMask = 2147483647;
			files = (
			);
			runOnlyForDeploymentPostprocessing = 0;
		};
		25544E822F1424F4009A6830 /* Frameworks */ = {
			isa = PBXFrameworksBuildPhase;
			buildActionMask = 2147483647;
			files = (
			);
			runOnlyForDeploymentPostprocessing = 0;
		};
/* End PBXFrameworksBuildPhase section */

/* Begin PBXGroup section */
		25544E652F1424F2009A6830 = {
			isa = PBXGroup;
			children = (
				25544E702F1424F2009A6830 /* thecoffeelinks-native-swift */,
				25544E7E2F1424F4009A6830 /* thecoffeelinks-native-swiftTests */,
				25544E882F1424F4009A6830 /* thecoffeelinks-native-swiftUITests */,
				25544F552F14341D009A6830 /* Frameworks */,
				25544E6F2F1424F2009A6830 /* Products */,
				25A0C1742F1A36FB00FAD546 /* Recovered References */,
			);
			sourceTree = "<group>";
		};
		25544E6F2F1424F2009A6830 /* Products */ = {
			isa = PBXGroup;
			children = (
				25544E6E2F1424F2009A6830 /* thecoffeelinks-native-swift.app */,
				25544E7B2F1424F4009A6830 /* thecoffeelinks-native-swiftTests.xctest */,
				25544E852F1424F4009A6830 /* thecoffeelinks-native-swiftUITests.xctest */,
			);
			name = Products;
			sourceTree = "<group>";
		};
		25544F552F14341D009A6830 /* Frameworks */ = {
			isa = PBXGroup;
			children = (
			);
			name = Frameworks;
			sourceTree = "<group>";
		};
		25A0C1742F1A36FB00FAD546 /* Recovered References */ = {
			isa = PBXGroup;
			children = (
				B4331C9B483A4F6E99149D4A /* LibreBaskerville-Regular.ttf */,
				696376B4AF3B4F08ABC24923 /* LibreBaskerville-Bold.ttf */,
				FC02A854467A483D898B0051 /* LibreBaskerville-Italic.ttf */,
			);
			name = "Recovered References";
			sourceTree = "<group>";
		};
/* End PBXGroup section */

/* Begin PBXNativeTarget section */
		25544E6D2F1424F2009A6830 /* thecoffeelinks-native-swift */ = {
			isa = PBXNativeTarget;
			buildConfigurationList = 25544E8F2F1424F4009A6830 /* Build configuration list for PBXNativeTarget "thecoffeelinks-native-swift" */;
			buildPhases = (
				25544E6A2F1424F2009A6830 /* Sources */,
				25544E6B2F1424F2009A6830 /* Frameworks */,
				25544E6C2F1424F2009A6830 /* Resources */,
			);
			buildRules = (
			);
			dependencies = (
			);
			fileSystemSynchronizedGroups = (
				25544E702F1424F2009A6830 /* thecoffeelinks-native-swift */,
			);
			name = "thecoffeelinks-native-swift";
			packageProductDependencies = (
				25544F512F1431A0009A6830 /* Realtime */,
				25544F562F14341D009A6830 /* Supabase */,
				25FC4F5E2F1CB2A90001D920 /* CachedAsyncImage */,
			);
			productName = "thecoffeelinks-native-swift";
			productReference = 25544E6E2F1424F2009A6830 /* thecoffeelinks-native-swift.app */;
			productType = "com.apple.product-type.application";
		};
		25544E7A2F1424F4009A6830 /* thecoffeelinks-native-swiftTests */ = {
			isa = PBXNativeTarget;
			buildConfigurationList = 25544E922F1424F4009A6830 /* Build configuration list for PBXNativeTarget "thecoffeelinks-native-swiftTests" */;
			buildPhases = (
				25544E772F1424F4009A6830 /* Sources */,
				25544E782F1424F4009A6830 /* Frameworks */,
				25544E792F1424F4009A6830 /* Resources */,
			);
			buildRules = (
			);
			dependencies = (
				25544E7D2F1424F4009A6830 /* PBXTargetDependency */,
			);
			fileSystemSynchronizedGroups = (
				25544E7E2F1424F4009A6830 /* thecoffeelinks-native-swiftTests */,
			);
			name = "thecoffeelinks-native-swiftTests";
			packageProductDependencies = (
			);
			productName = "thecoffeelinks-native-swiftTests";
			productReference = 25544E7B2F1424F4009A6830 /* thecoffeelinks-native-swiftTests.xctest */;
			productType = "com.apple.product-type.bundle.unit-test";
		};
		25544E842F1424F4009A6830 /* thecoffeelinks-native-swiftUITests */ = {
			isa = PBXNativeTarget;
			buildConfigurationList = 25544E952F1424F4009A6830 /* Build configuration list for PBXNativeTarget "thecoffeelinks-native-swiftUITests" */;
			buildPhases = (
				25544E812F1424F4009A6830 /* Sources */,
				25544E822F1424F4009A6830 /* Frameworks */,
				25544E832F1424F4009A6830 /* Resources */,
			);
			buildRules = (
			);
			dependencies = (
				25544E872F1424F4009A6830 /* PBXTargetDependency */,
			);
			fileSystemSynchronizedGroups = (
				25544E882F1424F4009A6830 /* thecoffeelinks-native-swiftUITests */,
			);
			name = "thecoffeelinks-native-swiftUITests";
			packageProductDependencies = (
			);
			productName = "thecoffeelinks-native-swiftUITests";
			productReference = 25544E852F1424F4009A6830 /* thecoffeelinks-native-swiftUITests.xctest */;
			productType = "com.apple.product-type.bundle.ui-testing";
		};
/* End PBXNativeTarget section */

/* Begin PBXProject section */
		25544E662F1424F2009A6830 /* Project object */ = {
			isa = PBXProject;
			attributes = {
				BuildIndependentTargetsInParallel = 1;
				LastSwiftUpdateCheck = 2620;
				LastUpgradeCheck = 2620;
				TargetAttributes = {
					25544E6D2F1424F2009A6830 = {
						CreatedOnToolsVersion = 26.2;
					};
					25544E7A2F1424F4009A6830 = {
						CreatedOnToolsVersion = 26.2;
						TestTargetID = 25544E6D2F1424F2009A6830;
					};
					25544E842F1424F4009A6830 = {
						CreatedOnToolsVersion = 26.2;
						TestTargetID = 25544E6D2F1424F2009A6830;
					};
				};
			};
			buildConfigurationList = 25544E692F1424F2009A6830 /* Build configuration list for PBXProject "thecoffeelinks-native-swift" */;
			developmentRegion = en;
			hasScannedForEncodings = 0;
			knownRegions = (
				en,
				Base,
			);
			mainGroup = 25544E652F1424F2009A6830;
			minimizedProjectReferenceProxies = 1;
			packageReferences = (
				25544F4C2F1431A0009A6830 /* XCRemoteSwiftPackageReference "supabase-swift" */,
				25FC4F5D2F1CB2A90001D920 /* XCRemoteSwiftPackageReference "CachedAsyncImage" */,
			);
			preferredProjectObjectVersion = 77;
			productRefGroup = 25544E6F2F1424F2009A6830 /* Products */;
			projectDirPath = "";
			projectRoot = "";
			targets = (
				25544E6D2F1424F2009A6830 /* thecoffeelinks-native-swift */,
				25544E7A2F1424F4009A6830 /* thecoffeelinks-native-swiftTests */,
				25544E842F1424F4009A6830 /* thecoffeelinks-native-swiftUITests */,
			);
		};
/* End PBXProject section */

/* Begin PBXResourcesBuildPhase section */
		25544E6C2F1424F2009A6830 /* Resources */ = {
			isa = PBXResourcesBuildPhase;
			buildActionMask = 2147483647;
			files = (
				12777CFB3F8B4F0FB4ECD5AA /* LibreBaskerville-Regular.ttf in Resources */,
				F495694AB08C4E538B0A3F32 /* LibreBaskerville-Bold.ttf in Resources */,
				311132BBAFDC4D87A1AEF0E9 /* LibreBaskerville-Italic.ttf in Resources */,
			);
			runOnlyForDeploymentPostprocessing = 0;
		};
		25544E792F1424F4009A6830 /* Resources */ = {
			isa = PBXResourcesBuildPhase;
			buildActionMask = 2147483647;
			files = (
			);
			runOnlyForDeploymentPostprocessing = 0;
		};
		25544E832F1424F4009A6830 /* Resources */ = {
			isa = PBXResourcesBuildPhase;
			buildActionMask = 2147483647;
			files = (
			);
			runOnlyForDeploymentPostprocessing = 0;
		};
/* End PBXResourcesBuildPhase section */

/* Begin PBXSourcesBuildPhase section */
		25544E6A2F1424F2009A6830 /* Sources */ = {
			isa = PBXSourcesBuildPhase;
			buildActionMask = 2147483647;
			files = (
			);
			runOnlyForDeploymentPostprocessing = 0;
		};
		25544E772F1424F4009A6830 /* Sources */ = {
			isa = PBXSourcesBuildPhase;
			buildActionMask = 2147483647;
			files = (
			);
			runOnlyForDeploymentPostprocessing = 0;
		};
		25544E812F1424F4009A6830 /* Sources */ = {
			isa = PBXSourcesBuildPhase;
			buildActionMask = 2147483647;
			files = (
			);
			runOnlyForDeploymentPostprocessing = 0;
		};
/* End PBXSourcesBuildPhase section */

/* Begin PBXTargetDependency section */
		25544E7D2F1424F4009A6830 /* PBXTargetDependency */ = {
			isa = PBXTargetDependency;
			target = 25544E6D2F1424F2009A6830 /* thecoffeelinks-native-swift */;
			targetProxy = 25544E7C2F1424F4009A6830 /* PBXContainerItemProxy */;
		};
		25544E872F1424F4009A6830 /* PBXTargetDependency */ = {
			isa = PBXTargetDependency;
			target = 25544E6D2F1424F2009A6830 /* thecoffeelinks-native-swift */;
			targetProxy = 25544E862F1424F4009A6830 /* PBXContainerItemProxy */;
		};
/* End PBXTargetDependency section */

/* Begin XCBuildConfiguration section */
		25544E8D2F1424F4009A6830 /* Debug */ = {
			isa = XCBuildConfiguration;
			buildSettings = {
				ALWAYS_SEARCH_USER_PATHS = NO;
				ASSETCATALOG_COMPILER_GENERATE_SWIFT_ASSET_SYMBOL_EXTENSIONS = YES;
				CLANG_ANALYZER_NONNULL = YES;
				CLANG_ANALYZER_NUMBER_OBJECT_CONVERSION = YES_AGGRESSIVE;
				CLANG_CXX_LANGUAGE_STANDARD = "gnu++20";
				CLANG_ENABLE_MODULES = YES;
				CLANG_ENABLE_OBJC_ARC = YES;
				CLANG_ENABLE_OBJC_WEAK = YES;
				CLANG_WARN_BLOCK_CAPTURE_AUTORELEASING = YES;
				CLANG_WARN_BOOL_CONVERSION = YES;
				CLANG_WARN_COMMA = YES;
				CLANG_WARN_CONSTANT_CONVERSION = YES;
				CLANG_WARN_DEPRECATED_OBJC_IMPLEMENTATIONS = YES;
				CLANG_WARN_DIRECT_OBJC_ISA_USAGE = YES_ERROR;
				CLANG_WARN_DOCUMENTATION_COMMENTS = YES;
				CLANG_WARN_EMPTY_BODY = YES;
				CLANG_WARN_ENUM_CONVERSION = YES;
				CLANG_WARN_INFINITE_RECURSION = YES;
				CLANG_WARN_INT_CONVERSION = YES;
				CLANG_WARN_NON_LITERAL_NULL_CONVERSION = YES;
				CLANG_WARN_OBJC_IMPLICIT_RETAIN_SELF = YES;
				CLANG_WARN_OBJC_LITERAL_CONVERSION = YES;
				CLANG_WARN_OBJC_ROOT_CLASS = YES_ERROR;
				CLANG_WARN_QUOTED_INCLUDE_IN_FRAMEWORK_HEADER = YES;
				CLANG_WARN_RANGE_LOOP_ANALYSIS = YES;
				CLANG_WARN_STRICT_PROTOTYPES = YES;
				CLANG_WARN_SUSPICIOUS_MOVE = YES;
				CLANG_WARN_UNGUARDED_AVAILABILITY = YES_AGGRESSIVE;
				CLANG_WARN_UNREACHABLE_CODE = YES;
				CLANG_WARN__DUPLICATE_METHOD_MATCH = YES;
				COPY_PHASE_STRIP = NO;
				DEBUG_INFORMATION_FORMAT = dwarf;
				DEVELOPMENT_TEAM = UJLGY9Y9S3;
				ENABLE_STRICT_OBJC_MSGSEND = YES;
				ENABLE_TESTABILITY = YES;
				ENABLE_USER_SCRIPT_SANDBOXING = YES;
				GCC_C_LANGUAGE_STANDARD = gnu17;
				GCC_DYNAMIC_NO_PIC = NO;
				GCC_NO_COMMON_BLOCKS = YES;
				GCC_OPTIMIZATION_LEVEL = 0;
				GCC_PREPROCESSOR_DEFINITIONS = (
					"DEBUG=1",
					"$(inherited)",
				);
				GCC_WARN_64_TO_32_BIT_CONVERSION = YES;
				GCC_WARN_ABOUT_RETURN_TYPE = YES_ERROR;
				GCC_WARN_UNDECLARED_SELECTOR = YES;
				GCC_WARN_UNINITIALIZED_AUTOS = YES_AGGRESSIVE;
				GCC_WARN_UNUSED_FUNCTION = YES;
				GCC_WARN_UNUSED_VARIABLE = YES;
				IPHONEOS_DEPLOYMENT_TARGET = 16.0;
				LOCALIZATION_PREFERS_STRING_CATALOGS = YES;
				MTL_ENABLE_DEBUG_INFO = INCLUDE_SOURCE;
				MTL_FAST_MATH = YES;
				ONLY_ACTIVE_ARCH = YES;
				SDKROOT = iphoneos;
				SUPPORTED_PLATFORMS = "iphoneos iphonesimulator";
				SWIFT_ACTIVE_COMPILATION_CONDITIONS = "DEBUG $(inherited)";
				SWIFT_OPTIMIZATION_LEVEL = "-Onone";
			};
			name = Debug;
		};
		25544E8E2F1424F4009A6830 /* Release */ = {
			isa = XCBuildConfiguration;
			buildSettings = {
				ALWAYS_SEARCH_USER_PATHS = NO;
				ASSETCATALOG_COMPILER_GENERATE_SWIFT_ASSET_SYMBOL_EXTENSIONS = YES;
				CLANG_ANALYZER_NONNULL = YES;
				CLANG_ANALYZER_NUMBER_OBJECT_CONVERSION = YES_AGGRESSIVE;
				CLANG_CXX_LANGUAGE_STANDARD = "gnu++20";
				CLANG_ENABLE_MODULES = YES;
				CLANG_ENABLE_OBJC_ARC = YES;
				CLANG_ENABLE_OBJC_WEAK = YES;
				CLANG_WARN_BLOCK_CAPTURE_AUTORELEASING = YES;
				CLANG_WARN_BOOL_CONVERSION = YES;
				CLANG_WARN_COMMA = YES;
				CLANG_WARN_CONSTANT_CONVERSION = YES;
				CLANG_WARN_DEPRECATED_OBJC_IMPLEMENTATIONS = YES;
				CLANG_WARN_DIRECT_OBJC_ISA_USAGE = YES_ERROR;
				CLANG_WARN_DOCUMENTATION_COMMENTS = YES;
				CLANG_WARN_EMPTY_BODY = YES;
				CLANG_WARN_ENUM_CONVERSION = YES;
				CLANG_WARN_INFINITE_RECURSION = YES;
				CLANG_WARN_INT_CONVERSION = YES;
				CLANG_WARN_NON_LITERAL_NULL_CONVERSION = YES;
				CLANG_WARN_OBJC_IMPLICIT_RETAIN_SELF = YES;
				CLANG_WARN_OBJC_LITERAL_CONVERSION = YES;
				CLANG_WARN_OBJC_ROOT_CLASS = YES_ERROR;
				CLANG_WARN_QUOTED_INCLUDE_IN_FRAMEWORK_HEADER = YES;
				CLANG_WARN_RANGE_LOOP_ANALYSIS = YES;
				CLANG_WARN_STRICT_PROTOTYPES = YES;
				CLANG_WARN_SUSPICIOUS_MOVE = YES;
				CLANG_WARN_UNGUARDED_AVAILABILITY = YES_AGGRESSIVE;
				CLANG_WARN_UNREACHABLE_CODE = YES;
				CLANG_WARN__DUPLICATE_METHOD_MATCH = YES;
				COPY_PHASE_STRIP = NO;
				DEBUG_INFORMATION_FORMAT = "dwarf-with-dsym";
				DEVELOPMENT_TEAM = UJLGY9Y9S3;
				ENABLE_NS_ASSERTIONS = NO;
				ENABLE_STRICT_OBJC_MSGSEND = YES;
				ENABLE_USER_SCRIPT_SANDBOXING = YES;
				GCC_C_LANGUAGE_STANDARD = gnu17;
				GCC_NO_COMMON_BLOCKS = YES;
				GCC_WARN_64_TO_32_BIT_CONVERSION = YES;
				GCC_WARN_ABOUT_RETURN_TYPE = YES_ERROR;
				GCC_WARN_UNDECLARED_SELECTOR = YES;
				GCC_WARN_UNINITIALIZED_AUTOS = YES_AGGRESSIVE;
				GCC_WARN_UNUSED_FUNCTION = YES;
				GCC_WARN_UNUSED_VARIABLE = YES;
				IPHONEOS_DEPLOYMENT_TARGET = 16.0;
				LOCALIZATION_PREFERS_STRING_CATALOGS = YES;
				MTL_ENABLE_DEBUG_INFO = NO;
				MTL_FAST_MATH = YES;
				SDKROOT = iphoneos;
				SUPPORTED_PLATFORMS = "iphoneos iphonesimulator";
				SWIFT_COMPILATION_MODE = wholemodule;
				VALIDATE_PRODUCT = YES;
			};
			name = Release;
		};
		25544E902F1424F4009A6830 /* Debug */ = {
			isa = XCBuildConfiguration;
			buildSettings = {
				ASSETCATALOG_COMPILER_APPICON_NAME = AppIcon;
				ASSETCATALOG_COMPILER_GLOBAL_ACCENT_COLOR_NAME = AccentColor;
				CODE_SIGN_STYLE = Automatic;
				CURRENT_PROJECT_VERSION = 1;
				DEVELOPMENT_TEAM = UJLGY9Y9S3;
				ENABLE_PREVIEWS = YES;
				GENERATE_INFOPLIST_FILE = NO;
				INFOPLIST_FILE = "thecoffeelinks-native-swift/App-Info.plist";
				INFOPLIST_KEY_CFBundleDisplayName = "The Coffee Links";
				INFOPLIST_KEY_LSApplicationCategoryType = "public.app-category.food-and-drink";
				INFOPLIST_KEY_NSLocationWhenInUseUsageDescription = "We use your location to find the nearest coffee shops.";
				INFOPLIST_KEY_UIApplicationSceneManifest_Generation = YES;
				INFOPLIST_KEY_UIApplicationSupportsIndirectInputEvents = YES;
				INFOPLIST_KEY_UILaunchScreen_Generation = YES;
				INFOPLIST_KEY_UISupportedInterfaceOrientations_iPad = "UIInterfaceOrientationPortrait UIInterfaceOrientationPortraitUpsideDown UIInterfaceOrientationLandscapeLeft UIInterfaceOrientationLandscapeRight";
				INFOPLIST_KEY_UISupportedInterfaceOrientations_iPhone = "UIInterfaceOrientationPortrait UIInterfaceOrientationLandscapeLeft UIInterfaceOrientationLandscapeRight";
				IPHONEOS_DEPLOYMENT_TARGET = 16.0;
				LD_RUNPATH_SEARCH_PATHS = (
					"$(inherited)",
					"@executable_path/Frameworks",
				);
				MARKETING_VERSION = 1.0;
				PRODUCT_BUNDLE_IDENTIFIER = com.thecoffeelinksvn.thecoffeelinks;
				PRODUCT_NAME = "$(TARGET_NAME)";
				STRING_CATALOG_GENERATE_SYMBOLS = YES;
				SUPPORTED_PLATFORMS = "iphoneos iphonesimulator";
				SWIFT_APPROACHABLE_CONCURRENCY = YES;
				SWIFT_DEFAULT_ACTOR_ISOLATION = MainActor;
				SWIFT_EMIT_LOC_STRINGS = YES;
				SWIFT_UPCOMING_FEATURE_MEMBER_IMPORT_VISIBILITY = YES;
				SWIFT_VERSION = 5.0;
				TARGETED_DEVICE_FAMILY = "1,2";
			};
			name = Debug;
		};
		25544E912F1424F4009A6830 /* Release */ = {
			isa = XCBuildConfiguration;
			buildSettings = {
				ASSETCATALOG_COMPILER_APPICON_NAME = AppIcon;
				ASSETCATALOG_COMPILER_GLOBAL_ACCENT_COLOR_NAME = AccentColor;
				CODE_SIGN_STYLE = Automatic;
				CURRENT_PROJECT_VERSION = 1;
				DEVELOPMENT_TEAM = UJLGY9Y9S3;
				ENABLE_PREVIEWS = YES;
				GENERATE_INFOPLIST_FILE = NO;
				INFOPLIST_FILE = "thecoffeelinks-native-swift/App-Info.plist";
				INFOPLIST_KEY_CFBundleDisplayName = "The Coffee Links";
				INFOPLIST_KEY_LSApplicationCategoryType = "public.app-category.food-and-drink";
				INFOPLIST_KEY_NSLocationWhenInUseUsageDescription = "We use your location to find the nearest coffee shops.";
				INFOPLIST_KEY_UIApplicationSceneManifest_Generation = YES;
				INFOPLIST_KEY_UIApplicationSupportsIndirectInputEvents = YES;
				INFOPLIST_KEY_UILaunchScreen_Generation = YES;
				INFOPLIST_KEY_UISupportedInterfaceOrientations_iPad = "UIInterfaceOrientationPortrait UIInterfaceOrientationPortraitUpsideDown UIInterfaceOrientationLandscapeLeft UIInterfaceOrientationLandscapeRight";
				INFOPLIST_KEY_UISupportedInterfaceOrientations_iPhone = "UIInterfaceOrientationPortrait UIInterfaceOrientationLandscapeLeft UIInterfaceOrientationLandscapeRight";
				IPHONEOS_DEPLOYMENT_TARGET = 16.0;
				LD_RUNPATH_SEARCH_PATHS = (
					"$(inherited)",
					"@executable_path/Frameworks",
				);
				MARKETING_VERSION = 1.0;
				PRODUCT_BUNDLE_IDENTIFIER = com.thecoffeelinksvn.thecoffeelinks;
				PRODUCT_NAME = "$(TARGET_NAME)";
				STRING_CATALOG_GENERATE_SYMBOLS = YES;
				SUPPORTED_PLATFORMS = "iphoneos iphonesimulator";
				SWIFT_APPROACHABLE_CONCURRENCY = YES;
				SWIFT_DEFAULT_ACTOR_ISOLATION = MainActor;
				SWIFT_EMIT_LOC_STRINGS = YES;
				SWIFT_UPCOMING_FEATURE_MEMBER_IMPORT_VISIBILITY = YES;
				SWIFT_VERSION = 5.0;
				TARGETED_DEVICE_FAMILY = "1,2";
			};
			name = Release;
		};
		25544E932F1424F4009A6830 /* Debug */ = {
			isa = XCBuildConfiguration;
			buildSettings = {
				BUNDLE_LOADER = "$(TEST_HOST)";
				CODE_SIGN_STYLE = Automatic;
				CURRENT_PROJECT_VERSION = 1;
				DEVELOPMENT_TEAM = UJLGY9Y9S3;
				GENERATE_INFOPLIST_FILE = NO;
				INFOPLIST_FILE = "thecoffeelinks-native-swift/App-Info.plist";
				IPHONEOS_DEPLOYMENT_TARGET = 16.0;
				MARKETING_VERSION = 1.0;
				PRODUCT_BUNDLE_IDENTIFIER = "vn.nhat.thecoffeelinks-native-swiftTests";
				PRODUCT_NAME = "$(TARGET_NAME)";
				STRING_CATALOG_GENERATE_SYMBOLS = NO;
				SUPPORTED_PLATFORMS = "iphoneos iphonesimulator";
				SWIFT_APPROACHABLE_CONCURRENCY = YES;
				SWIFT_EMIT_LOC_STRINGS = NO;
				SWIFT_UPCOMING_FEATURE_MEMBER_IMPORT_VISIBILITY = YES;
				SWIFT_VERSION = 5.0;
				TARGETED_DEVICE_FAMILY = "1,2";
				TEST_HOST = "$(BUILT_PRODUCTS_DIR)/thecoffeelinks-native-swift.app/$(BUNDLE_EXECUTABLE_FOLDER_PATH)/thecoffeelinks-native-swift";
			};
			name = Debug;
		};
		25544E942F1424F4009A6830 /* Release */ = {
			isa = XCBuildConfiguration;
			buildSettings = {
				BUNDLE_LOADER = "$(TEST_HOST)";
				CODE_SIGN_STYLE = Automatic;
				CURRENT_PROJECT_VERSION = 1;
				DEVELOPMENT_TEAM = UJLGY9Y9S3;
				GENERATE_INFOPLIST_FILE = NO;
				INFOPLIST_FILE = "thecoffeelinks-native-swift/App-Info.plist";
				IPHONEOS_DEPLOYMENT_TARGET = 16.0;
				MARKETING_VERSION = 1.0;
				PRODUCT_BUNDLE_IDENTIFIER = "vn.nhat.thecoffeelinks-native-swiftTests";
				PRODUCT_NAME = "$(TARGET_NAME)";
				STRING_CATALOG_GENERATE_SYMBOLS = NO;
				SWIFT_APPROACHABLE_CONCURRENCY = YES;
				SWIFT_EMIT_LOC_STRINGS = NO;
				SWIFT_UPCOMING_FEATURE_MEMBER_IMPORT_VISIBILITY = YES;
				SWIFT_VERSION = 5.0;
				TARGETED_DEVICE_FAMILY = "1,2";
				TEST_HOST = "$(BUILT_PRODUCTS_DIR)/thecoffeelinks-native-swift.app/$(BUNDLE_EXECUTABLE_FOLDER_PATH)/thecoffeelinks-native-swift";
			};
			name = Release;
		};
		25544E962F1424F4009A6830 /* Debug */ = {
			isa = XCBuildConfiguration;
			buildSettings = {
				CODE_SIGN_STYLE = Automatic;
				CURRENT_PROJECT_VERSION = 1;
				DEVELOPMENT_TEAM = UJLGY9Y9S3;
				GENERATE_INFOPLIST_FILE = NO;
				INFOPLIST_FILE = "thecoffeelinks-native-swift/App-Info.plist";
				MARKETING_VERSION = 1.0;
				PRODUCT_BUNDLE_IDENTIFIER = "vn.nhat.thecoffeelinks-native-swiftUITests";
				PRODUCT_NAME = "$(TARGET_NAME)";
				STRING_CATALOG_GENERATE_SYMBOLS = NO;
				SUPPORTED_PLATFORMS = "iphoneos iphonesimulator";
				SWIFT_APPROACHABLE_CONCURRENCY = YES;
				SWIFT_EMIT_LOC_STRINGS = NO;
				SWIFT_UPCOMING_FEATURE_MEMBER_IMPORT_VISIBILITY = YES;
				SWIFT_VERSION = 5.0;
				TARGETED_DEVICE_FAMILY = "1,2";
				TEST_TARGET_NAME = "thecoffeelinks-native-swift";
			};
			name = Debug;
		};
		25544E972F1424F4009A6830 /* Release */ = {
			isa = XCBuildConfiguration;
			buildSettings = {
				CODE_SIGN_STYLE = Automatic;
				CURRENT_PROJECT_VERSION = 1;
				DEVELOPMENT_TEAM = UJLGY9Y9S3;
				GENERATE_INFOPLIST_FILE = NO;
				INFOPLIST_FILE = "thecoffeelinks-native-swift/App-Info.plist";
				MARKETING_VERSION = 1.0;
				PRODUCT_BUNDLE_IDENTIFIER = "vn.nhat.thecoffeelinks-native-swiftUITests";
				PRODUCT_NAME = "$(TARGET_NAME)";
				STRING_CATALOG_GENERATE_SYMBOLS = NO;
				SUPPORTED_PLATFORMS = "iphoneos iphonesimulator";
				SWIFT_APPROACHABLE_CONCURRENCY = YES;
				SWIFT_EMIT_LOC_STRINGS = NO;
				SWIFT_UPCOMING_FEATURE_MEMBER_IMPORT_VISIBILITY = YES;
				SWIFT_VERSION = 5.0;
				TARGETED_DEVICE_FAMILY = "1,2";
				TEST_TARGET_NAME = "thecoffeelinks-native-swift";
			};
			name = Release;
		};
/* End XCBuildConfiguration section */

/* Begin XCConfigurationList section */
		25544E692F1424F2009A6830 /* Build configuration list for PBXProject "thecoffeelinks-native-swift" */ = {
			isa = XCConfigurationList;
			buildConfigurations = (
				25544E8D2F1424F4009A6830 /* Debug */,
				25544E8E2F1424F4009A6830 /* Release */,
			);
			defaultConfigurationIsVisible = 0;
			defaultConfigurationName = Release;
		};
		25544E8F2F1424F4009A6830 /* Build configuration list for PBXNativeTarget "thecoffeelinks-native-swift" */ = {
			isa = XCConfigurationList;
			buildConfigurations = (
				25544E902F1424F4009A6830 /* Debug */,
				25544E912F1424F4009A6830 /* Release */,
			);
			defaultConfigurationIsVisible = 0;
			defaultConfigurationName = Release;
		};
		25544E922F1424F4009A6830 /* Build configuration list for PBXNativeTarget "thecoffeelinks-native-swiftTests" */ = {
			isa = XCConfigurationList;
			buildConfigurations = (
				25544E932F1424F4009A6830 /* Debug */,
				25544E942F1424F4009A6830 /* Release */,
			);
			defaultConfigurationIsVisible = 0;
			defaultConfigurationName = Release;
		};
		25544E952F1424F4009A6830 /* Build configuration list for PBXNativeTarget "thecoffeelinks-native-swiftUITests" */ = {
			isa = XCConfigurationList;
			buildConfigurations = (
				25544E962F1424F4009A6830 /* Debug */,
				25544E972F1424F4009A6830 /* Release */,
			);
			defaultConfigurationIsVisible = 0;
			defaultConfigurationName = Release;
		};
/* End XCConfigurationList section */

/* Begin XCRemoteSwiftPackageReference section */
		25544F4C2F1431A0009A6830 /* XCRemoteSwiftPackageReference "supabase-swift" */ = {
			isa = XCRemoteSwiftPackageReference;
			repositoryURL = "https://github.com/supabase/supabase-swift";
			requirement = {
				kind = upToNextMajorVersion;
				minimumVersion = 2.5.1;
			};
		};
		25FC4F5D2F1CB2A90001D920 /* XCRemoteSwiftPackageReference "CachedAsyncImage" */ = {
			isa = XCRemoteSwiftPackageReference;
			repositoryURL = "https://github.com/iamducnhat/CachedAsyncImage.git";
			requirement = {
				kind = upToNextMajorVersion;
				minimumVersion = 1.0.2;
			};
		};
/* End XCRemoteSwiftPackageReference section */

/* Begin XCSwiftPackageProductDependency section */
		25544F512F1431A0009A6830 /* Realtime */ = {
			isa = XCSwiftPackageProductDependency;
			package = 25544F4C2F1431A0009A6830 /* XCRemoteSwiftPackageReference "supabase-swift" */;
			productName = Realtime;
		};
		25544F562F14341D009A6830 /* Supabase */ = {
			isa = XCSwiftPackageProductDependency;
			package = 25544F4C2F1431A0009A6830 /* XCRemoteSwiftPackageReference "supabase-swift" */;
			productName = Supabase;
		};
		25FC4F5E2F1CB2A90001D920 /* CachedAsyncImage */ = {
			isa = XCSwiftPackageProductDependency;
			package = 25FC4F5D2F1CB2A90001D920 /* XCRemoteSwiftPackageReference "CachedAsyncImage" */;
			productName = CachedAsyncImage;
		};
/* End XCSwiftPackageProductDependency section */
	};
	rootObject = 25544E662F1424F2009A6830 /* Project object */;
}
